
Microsoft Visual Studio Solution File, Format Version 12.00
# Visual Studio 15
VisualStudioVersion = 15.0.27703.2042
MinimumVisualStudioVersion = 10.0.40219.1
Project("{9A19103F-16F7-4668-BE54-9A1E7A4F7556}") = "SmartThings2MQTT", "SmartThings2MQTT\SmartThings2MQTT.csproj", "{5832E2DB-47BD-4930-947D-6679F3EBE280}"
EndProject
Project("{E53339B2-1760-4266-BCC7-CA923CBCF16C}") = "docker-compose", "docker-compose.dcproj", "{C79D7A1B-2944-49CB-A537-18EE21D1431F}"
EndProject
Project("{2150E333-8FDC-42A3-9474-1A3956D46DE8}") = "Solution Items", "Solution Items", "{EFE41015-064A-4865-B329-9C68ED1857AF}"
	ProjectSection(SolutionItems) = preProject
		mqtt-adapter.groovy = mqtt-adapter.groovy
	EndProjectSection
EndProject
Global
	GlobalSection(SolutionConfigurationPlatforms) = preSolution
		Debug|Any CPU = Debug|Any CPU
		Release|Any CPU = Release|Any CPU
	EndGlobalSection
	GlobalSection(ProjectConfigurationPlatforms) = postSolution
		{5832E2DB-47BD-4930-947D-6679F3EBE280}.Debug|Any CPU.ActiveCfg = Debug|Any CPU
		{5832E2DB-47BD-4930-947D-6679F3EBE280}.Debug|Any CPU.Build.0 = Debug|Any CPU
		{5832E2DB-47BD-4930-947D-6679F3EBE280}.Release|Any CPU.ActiveCfg = Release|Any CPU
		{5832E2DB-47BD-4930-947D-6679F3EBE280}.Release|Any CPU.Build.0 = Release|Any CPU
		{C79D7A1B-2944-49CB-A537-18EE21D1431F}.Debug|Any CPU.ActiveCfg = Debug|Any CPU
		{C79D7A1B-2944-49CB-A537-18EE21D1431F}.Debug|Any CPU.Build.0 = Debug|Any CPU
		{C79D7A1B-2944-49CB-A537-18EE21D1431F}.Release|Any CPU.ActiveCfg = Release|Any CPU
		{C79D7A1B-2944-49CB-A537-18EE21D1431F}.Release|Any CPU.Build.0 = Release|Any CPU
	EndGlobalSection
	GlobalSection(SolutionProperties) = preSolution
		HideSolutionNode = FALSE
	EndGlobalSection
	GlobalSection(ExtensibilityGlobals) = postSolution
		SolutionGuid = {1930034F-E8CD-4B35-A943-E37DBD330F06}
	EndGlobalSection
EndGlobal
